uuid: d976addd-1023-40c6-858c-4735c447f983
langcode: en
status: false
dependencies:
  content:
    - 'block_content:basic:4ab09ac5-8611-4dd6-8a1a-975fa1c2392f'
  module:
    - block_content
  theme:
    - bootstrapclean
id: sidebarblock
theme: bootstrapclean
region: sidebar_first
weight: 0
provider: null
plugin: 'block_content:4ab09ac5-8611-4dd6-8a1a-975fa1c2392f'
settings:
  id: 'block_content:4ab09ac5-8611-4dd6-8a1a-975fa1c2392f'
  label: 'Sidebar Block'
  provider: block_content
  label_display: visible
  status: true
  info: ''
  view_mode: full
visibility: {  }
